{
  "requires": true,
  "lockfileVersion": 1,
  "dependencies": {
    "gitbook-plugin-hints": {
      "version": "1.0.2",
      "resolved": "https://registry.npmmirror.com/gitbook-plugin-hints/-/gitbook-plugin-hints-1.0.2.tgz",
      "integrity": "sha512-Zj0ZA38H31TZvhnBvyVjSNIUv30MnhNPcFlAJaAKwenytHY7fNYuOv7x1Hjukk4R4A7HGeCILiCW5a4bXRqWWQ=="
    },
    "gitbook-plugin-tags": {
      "version": "1.5.2",
      "resolved": "https://registry.npmmirror.com/gitbook-plugin-tags/-/gitbook-plugin-tags-1.5.2.tgz",
      "integrity": "sha512-ZqXjQzJpzprX/8rQ2LohUO/t+wDopdAu5rHVv9wmqOfTpiAOx7TUaSbTl6uscxvVVjBIm3PZ88ZAMNmA6tq0Gg==",
      "requires": {
        "github-slugid": "^1.0.1"
      }
    },
    "github-slugid": {
      "version": "1.0.1",
      "resolved": "https://registry.npmmirror.com/github-slugid/-/github-slugid-1.0.1.tgz",
      "integrity": "sha512-L5uVRzSM8jyWTgHUtaHwmymZW8S234JrIaOGotPK+0emNz9XsO6qqgw1KiI5YfP1SyBjG0ApNYU0vpb01teM9Q=="
    }
  }
}
